{
  "object": {
    "pins": [
      {
        "package": "swift-protobuf",
        "repositoryURL": "https://github.com/apple/swift-protobuf.git",
        "state": {
          "branch": null,
          "revision": "65e8f29b2d63c4e38e736b25c27b83e012159be8",
          "version": "1.25.2"
        }
      }
    ]
  },
  "version": 1
}